
Microsoft Visual Studio Solution File, Format Version 12.00
# Visual Studio Version 16
VisualStudioVersion = 16.0.31515.178
MinimumVisualStudioVersion = 10.0.40219.1
Project("{F184B08F-C81C-45F6-A57F-5ABD9991F28F}") = "Introducao", "Introducao\Introducao.vbproj", "{B14BD1C1-2DB5-4B51-80B4-B4F55813BAA5}"
EndProject
Global
	GlobalSection(SolutionConfigurationPlatforms) = preSolution
		Debug|Any CPU = Debug|Any CPU
		Release|Any CPU = Release|Any CPU
	EndGlobalSection
	GlobalSection(ProjectConfigurationPlatforms) = postSolution
		{B14BD1C1-2DB5-4B51-80B4-B4F55813BAA5}.Debug|Any CPU.ActiveCfg = Debug|Any CPU
		{B14BD1C1-2DB5-4B51-80B4-B4F55813BAA5}.Debug|Any CPU.Build.0 = Debug|Any CPU
		{B14BD1C1-2DB5-4B51-80B4-B4F55813BAA5}.Release|Any CPU.ActiveCfg = Release|Any CPU
		{B14BD1C1-2DB5-4B51-80B4-B4F55813BAA5}.Release|Any CPU.Build.0 = Release|Any CPU
	EndGlobalSection
	GlobalSection(SolutionProperties) = preSolution
		HideSolutionNode = FALSE
	EndGlobalSection
	GlobalSection(ExtensibilityGlobals) = postSolution
		SolutionGuid = {65C9F7E7-06A2-4FA3-A2E3-1D16C230BC50}
	EndGlobalSection
EndGlobal
